
Microsoft Visual Studio Solution File, Format Version 12.00
# Visual Studio Version 16
VisualStudioVersion = 16.0.31105.61
MinimumVisualStudioVersion = 10.0.40219.1
Project("{FAE04EC0-301F-11D3-BF4B-00C04F79EFBC}") = "caixa-troco", "caixa-troco.csproj", "{33CB0776-6BAA-4D37-8386-1450D44F4134}"
EndProject
Global
	GlobalSection(SolutionConfigurationPlatforms) = preSolution
		Debug|Any CPU = Debug|Any CPU
		Release|Any CPU = Release|Any CPU
	EndGlobalSection
	GlobalSection(ProjectConfigurationPlatforms) = postSolution
		{33CB0776-6BAA-4D37-8386-1450D44F4134}.Debug|Any CPU.ActiveCfg = Debug|Any CPU
		{33CB0776-6BAA-4D37-8386-1450D44F4134}.Debug|Any CPU.Build.0 = Debug|Any CPU
		{33CB0776-6BAA-4D37-8386-1450D44F4134}.Release|Any CPU.ActiveCfg = Release|Any CPU
		{33CB0776-6BAA-4D37-8386-1450D44F4134}.Release|Any CPU.Build.0 = Release|Any CPU
	EndGlobalSection
	GlobalSection(SolutionProperties) = preSolution
		HideSolutionNode = FALSE
	EndGlobalSection
	GlobalSection(ExtensibilityGlobals) = postSolution
		SolutionGuid = {6A11F5E1-1106-4DB0-8F00-D88FAD9AEDD8}
	EndGlobalSection
EndGlobal
